
Microsoft Visual Studio Solution File, Format Version 11.00
# Visual Studio 2010
Project("{FAE04EC0-301F-11D3-BF4B-00C04F79EFBC}") = "Glimpse.Core", "source\Glimpse.Core\Glimpse.Core.csproj", "{21F99168-7D7B-49F2-A97C-5A983E0CA16F}"
EndProject
Project("{FAE04EC0-301F-11D3-BF4B-00C04F79EFBC}") = "Glimpse.Sample.Mvc3", "source\Glimpse.Sample.MVC3\Glimpse.Sample.Mvc3.csproj", "{A1DDF7DA-D1FB-4B52-A7B3-D2A2099482CE}"
EndProject
Project("{FAE04EC0-301F-11D3-BF4B-00C04F79EFBC}") = "Glimpse.Site", "source\Glimpse.Site\Glimpse.Site.csproj", "{B0DF396D-7702-41B8-8744-CA87DC5F8244}"
EndProject
Project("{FAE04EC0-301F-11D3-BF4B-00C04F79EFBC}") = "Glimpse.Mvc3", "source\Glimpse.MVC3\Glimpse.Mvc3.csproj", "{523F20A6-3136-4034-B1DD-003F86BDB47A}"
EndProject
Project("{FAE04EC0-301F-11D3-BF4B-00C04F79EFBC}") = "Glimpse.Sample.WebForms", "source\Glimpse.Sample.WebForms\Glimpse.Sample.WebForms.csproj", "{DA5BF75E-ACF4-4451-A5D0-722795C42719}"
EndProject
Project("{FAE04EC0-301F-11D3-BF4B-00C04F79EFBC}") = "Glimpse.Test.Core", "source\Glimpse.Test.Core\Glimpse.Test.Core.csproj", "{706D27E5-BA18-4A61-8C00-5A5B95FC3EA3}"
EndProject
Project("{FAE04EC0-301F-11D3-BF4B-00C04F79EFBC}") = "Glimpse.Ef", "source\Glimpse.EF\Glimpse.Ef.csproj", "{1AEDC219-C2A4-422E-8DD8-A9ABAE1B4F3B}"
EndProject
Project("{FAE04EC0-301F-11D3-BF4B-00C04F79EFBC}") = "Glimpse.Elmah", "source\Glimpse.Elmah\Glimpse.Elmah.csproj", "{3EF29139-06EC-4497-9EC6-A4C340E064EB}"
EndProject
Project("{FAE04EC0-301F-11D3-BF4B-00C04F79EFBC}") = "Glimpse.Ado", "source\Glimpse.Ado\Glimpse.Ado.csproj", "{4C993B73-D03A-4080-B31E-C04F23372997}"
EndProject
Project("{FAE04EC0-301F-11D3-BF4B-00C04F79EFBC}") = "Glimpse.Nh", "source\Glimpse.NH\Glimpse.Nh.csproj", "{9339BA0C-9735-4356-A309-0B0DFD58D0BF}"
EndProject
Project("{2150E333-8FDC-42A3-9474-1A3956D46DE8}") = "0. Glimpse", "0. Glimpse", "{E3FDECFC-11CD-4F30-B057-91891F52495C}"
EndProject
Project("{2150E333-8FDC-42A3-9474-1A3956D46DE8}") = "1. Samples", "1. Samples", "{B2C42924-F335-4ADB-82AB-5362C47C4B78}"
EndProject
Project("{2150E333-8FDC-42A3-9474-1A3956D46DE8}") = "2. Tests", "2. Tests", "{93D084F9-37AE-47AE-BB06-9E211BD40205}"
EndProject
Project("{2150E333-8FDC-42A3-9474-1A3956D46DE8}") = "0.1 SQL", "0.1 SQL", "{AE246622-198C-46CC-8C2D-41E5A64E7508}"
EndProject
Project("{FAE04EC0-301F-11D3-BF4B-00C04F79EFBC}") = "Glimpse.Sample.Nh", "source\Glimpse.Sample.NH\Glimpse.Sample.Nh.csproj", "{328C148C-DBEE-41A4-B1C7-104CBB216556}"
EndProject
Project("{FAE04EC0-301F-11D3-BF4B-00C04F79EFBC}") = "Glimpse.Test.Nh", "source\Glimpse.Test.NH\Glimpse.Test.Nh.csproj", "{C3FFC5EF-D6BB-4854-B875-C996960E4CE8}"
EndProject
Project("{FAE04EC0-301F-11D3-BF4B-00C04F79EFBC}") = "Glimpse.Test.Nh320", "source\Glimpse.Test.NH320\Glimpse.Test.Nh320.csproj", "{D67101FE-E8F4-4739-97AB-8376BF389A6F}"
EndProject
Project("{FAE04EC0-301F-11D3-BF4B-00C04F79EFBC}") = "Glimpse.Test.Nh310", "source\Glimpse.Test.Nh310\Glimpse.Test.Nh310.csproj", "{16AB2BC1-2261-4F56-9639-1478791765BF}"
EndProject
Project("{2150E333-8FDC-42A3-9474-1A3956D46DE8}") = "2.1 SQL", "2.1 SQL", "{D31818A1-D8F8-4DA4-85D2-C2763A729134}"
EndProject
Project("{FAE04EC0-301F-11D3-BF4B-00C04F79EFBC}") = "Glimpse.Test.Nh300", "source\Glimpse.Test.NH300\Glimpse.Test.Nh300.csproj", "{21DD95B4-BD9D-4A79-BD22-09DA8BB34E3E}"
EndProject
Project("{FAE04EC0-301F-11D3-BF4B-00C04F79EFBC}") = "Glimpse.Test.Nh212", "source\Glimpse.Test.NH212\Glimpse.Test.Nh212.csproj", "{BA78507C-8726-4D36-B4D6-200DB5EF6101}"
EndProject
Project("{FAE04EC0-301F-11D3-BF4B-00C04F79EFBC}") = "Glimpse.Test.Nh210", "source\Glimpse.Test.NH210\Glimpse.Test.Nh210.csproj", "{C88C62B6-6BD9-4480-9D37-BB5086C9855C}"
EndProject
Project("{FAE04EC0-301F-11D3-BF4B-00C04F79EFBC}") = "Glimpse.Test.Nh201", "source\Glimpse.Test.NH201\Glimpse.Test.Nh201.csproj", "{C8BB6E17-6623-4B9C-A7FC-F0674BBC0DBA}"
EndProject
Project("{FAE04EC0-301F-11D3-BF4B-00C04F79EFBC}") = "Glimpse.Test.Nh121", "source\Glimpse.Test.NH121\Glimpse.Test.Nh121.csproj", "{686D136F-421F-4D29-9D59-D1A3547D03B8}"
EndProject
Global
	GlobalSection(SolutionConfigurationPlatforms) = preSolution
		Debug|Any CPU = Debug|Any CPU
		Debug|Mixed Platforms = Debug|Mixed Platforms
		Debug|x86 = Debug|x86
		Release|Any CPU = Release|Any CPU
		Release|Mixed Platforms = Release|Mixed Platforms
		Release|x86 = Release|x86
	EndGlobalSection
	GlobalSection(ProjectConfigurationPlatforms) = postSolution
		{21F99168-7D7B-49F2-A97C-5A983E0CA16F}.Debug|Any CPU.ActiveCfg = Debug|Any CPU
		{21F99168-7D7B-49F2-A97C-5A983E0CA16F}.Debug|Any CPU.Build.0 = Debug|Any CPU
		{21F99168-7D7B-49F2-A97C-5A983E0CA16F}.Debug|Mixed Platforms.ActiveCfg = Debug|Any CPU
		{21F99168-7D7B-49F2-A97C-5A983E0CA16F}.Debug|Mixed Platforms.Build.0 = Debug|Any CPU
		{21F99168-7D7B-49F2-A97C-5A983E0CA16F}.Debug|x86.ActiveCfg = Debug|Any CPU
		{21F99168-7D7B-49F2-A97C-5A983E0CA16F}.Release|Any CPU.ActiveCfg = Release|Any CPU
		{21F99168-7D7B-49F2-A97C-5A983E0CA16F}.Release|Any CPU.Build.0 = Release|Any CPU
		{21F99168-7D7B-49F2-A97C-5A983E0CA16F}.Release|Mixed Platforms.ActiveCfg = Release|Any CPU
		{21F99168-7D7B-49F2-A97C-5A983E0CA16F}.Release|Mixed Platforms.Build.0 = Release|Any CPU
		{21F99168-7D7B-49F2-A97C-5A983E0CA16F}.Release|x86.ActiveCfg = Release|Any CPU
		{A1DDF7DA-D1FB-4B52-A7B3-D2A2099482CE}.Debug|Any CPU.ActiveCfg = Debug|Any CPU
		{A1DDF7DA-D1FB-4B52-A7B3-D2A2099482CE}.Debug|Any CPU.Build.0 = Debug|Any CPU
		{A1DDF7DA-D1FB-4B52-A7B3-D2A2099482CE}.Debug|Mixed Platforms.ActiveCfg = Debug|Any CPU
		{A1DDF7DA-D1FB-4B52-A7B3-D2A2099482CE}.Debug|Mixed Platforms.Build.0 = Debug|Any CPU
		{A1DDF7DA-D1FB-4B52-A7B3-D2A2099482CE}.Debug|x86.ActiveCfg = Debug|Any CPU
		{A1DDF7DA-D1FB-4B52-A7B3-D2A2099482CE}.Release|Any CPU.ActiveCfg = Release|Any CPU
		{A1DDF7DA-D1FB-4B52-A7B3-D2A2099482CE}.Release|Any CPU.Build.0 = Release|Any CPU
		{A1DDF7DA-D1FB-4B52-A7B3-D2A2099482CE}.Release|Mixed Platforms.ActiveCfg = Release|Any CPU
		{A1DDF7DA-D1FB-4B52-A7B3-D2A2099482CE}.Release|Mixed Platforms.Build.0 = Release|Any CPU
		{A1DDF7DA-D1FB-4B52-A7B3-D2A2099482CE}.Release|x86.ActiveCfg = Release|Any CPU
		{B0DF396D-7702-41B8-8744-CA87DC5F8244}.Debug|Any CPU.ActiveCfg = Debug|Any CPU
		{B0DF396D-7702-41B8-8744-CA87DC5F8244}.Debug|Any CPU.Build.0 = Debug|Any CPU
		{B0DF396D-7702-41B8-8744-CA87DC5F8244}.Debug|Mixed Platforms.ActiveCfg = Debug|Any CPU
		{B0DF396D-7702-41B8-8744-CA87DC5F8244}.Debug|Mixed Platforms.Build.0 = Debug|Any CPU
		{B0DF396D-7702-41B8-8744-CA87DC5F8244}.Debug|x86.ActiveCfg = Debug|Any CPU
		{B0DF396D-7702-41B8-8744-CA87DC5F8244}.Release|Any CPU.ActiveCfg = Release|Any CPU
		{B0DF396D-7702-41B8-8744-CA87DC5F8244}.Release|Any CPU.Build.0 = Release|Any CPU
		{B0DF396D-7702-41B8-8744-CA87DC5F8244}.Release|Mixed Platforms.ActiveCfg = Release|Any CPU
		{B0DF396D-7702-41B8-8744-CA87DC5F8244}.Release|Mixed Platforms.Build.0 = Release|Any CPU
		{B0DF396D-7702-41B8-8744-CA87DC5F8244}.Release|x86.ActiveCfg = Release|Any CPU
		{523F20A6-3136-4034-B1DD-003F86BDB47A}.Debug|Any CPU.ActiveCfg = Debug|Any CPU
		{523F20A6-3136-4034-B1DD-003F86BDB47A}.Debug|Any CPU.Build.0 = Debug|Any CPU
		{523F20A6-3136-4034-B1DD-003F86BDB47A}.Debug|Mixed Platforms.ActiveCfg = Debug|Any CPU
		{523F20A6-3136-4034-B1DD-003F86BDB47A}.Debug|Mixed Platforms.Build.0 = Debug|Any CPU
		{523F20A6-3136-4034-B1DD-003F86BDB47A}.Debug|x86.ActiveCfg = Debug|Any CPU
		{523F20A6-3136-4034-B1DD-003F86BDB47A}.Release|Any CPU.ActiveCfg = Release|Any CPU
		{523F20A6-3136-4034-B1DD-003F86BDB47A}.Release|Any CPU.Build.0 = Release|Any CPU
		{523F20A6-3136-4034-B1DD-003F86BDB47A}.Release|Mixed Platforms.ActiveCfg = Release|Any CPU
		{523F20A6-3136-4034-B1DD-003F86BDB47A}.Release|Mixed Platforms.Build.0 = Release|Any CPU
		{523F20A6-3136-4034-B1DD-003F86BDB47A}.Release|x86.ActiveCfg = Release|Any CPU
		{DA5BF75E-ACF4-4451-A5D0-722795C42719}.Debug|Any CPU.ActiveCfg = Debug|Any CPU
		{DA5BF75E-ACF4-4451-A5D0-722795C42719}.Debug|Any CPU.Build.0 = Debug|Any CPU
		{DA5BF75E-ACF4-4451-A5D0-722795C42719}.Debug|Mixed Platforms.ActiveCfg = Debug|Any CPU
		{DA5BF75E-ACF4-4451-A5D0-722795C42719}.Debug|Mixed Platforms.Build.0 = Debug|Any CPU
		{DA5BF75E-ACF4-4451-A5D0-722795C42719}.Debug|x86.ActiveCfg = Debug|Any CPU
		{DA5BF75E-ACF4-4451-A5D0-722795C42719}.Release|Any CPU.ActiveCfg = Release|Any CPU
		{DA5BF75E-ACF4-4451-A5D0-722795C42719}.Release|Any CPU.Build.0 = Release|Any CPU
		{DA5BF75E-ACF4-4451-A5D0-722795C42719}.Release|Mixed Platforms.ActiveCfg = Release|Any CPU
		{DA5BF75E-ACF4-4451-A5D0-722795C42719}.Release|Mixed Platforms.Build.0 = Release|Any CPU
		{DA5BF75E-ACF4-4451-A5D0-722795C42719}.Release|x86.ActiveCfg = Release|Any CPU
		{706D27E5-BA18-4A61-8C00-5A5B95FC3EA3}.Debug|Any CPU.ActiveCfg = Debug|Any CPU
		{706D27E5-BA18-4A61-8C00-5A5B95FC3EA3}.Debug|Any CPU.Build.0 = Debug|Any CPU
		{706D27E5-BA18-4A61-8C00-5A5B95FC3EA3}.Debug|Mixed Platforms.ActiveCfg = Debug|Any CPU
		{706D27E5-BA18-4A61-8C00-5A5B95FC3EA3}.Debug|Mixed Platforms.Build.0 = Debug|Any CPU
		{706D27E5-BA18-4A61-8C00-5A5B95FC3EA3}.Debug|x86.ActiveCfg = Debug|Any CPU
		{706D27E5-BA18-4A61-8C00-5A5B95FC3EA3}.Release|Any CPU.ActiveCfg = Release|Any CPU
		{706D27E5-BA18-4A61-8C00-5A5B95FC3EA3}.Release|Any CPU.Build.0 = Release|Any CPU
		{706D27E5-BA18-4A61-8C00-5A5B95FC3EA3}.Release|Mixed Platforms.ActiveCfg = Release|Any CPU
		{706D27E5-BA18-4A61-8C00-5A5B95FC3EA3}.Release|Mixed Platforms.Build.0 = Release|Any CPU
		{706D27E5-BA18-4A61-8C00-5A5B95FC3EA3}.Release|x86.ActiveCfg = Release|Any CPU
		{1AEDC219-C2A4-422E-8DD8-A9ABAE1B4F3B}.Debug|Any CPU.ActiveCfg = Debug|Any CPU
		{1AEDC219-C2A4-422E-8DD8-A9ABAE1B4F3B}.Debug|Any CPU.Build.0 = Debug|Any CPU
		{1AEDC219-C2A4-422E-8DD8-A9ABAE1B4F3B}.Debug|Mixed Platforms.ActiveCfg = Debug|Any CPU
		{1AEDC219-C2A4-422E-8DD8-A9ABAE1B4F3B}.Debug|Mixed Platforms.Build.0 = Debug|Any CPU
		{1AEDC219-C2A4-422E-8DD8-A9ABAE1B4F3B}.Debug|x86.ActiveCfg = Debug|Any CPU
		{1AEDC219-C2A4-422E-8DD8-A9ABAE1B4F3B}.Release|Any CPU.ActiveCfg = Release|Any CPU
		{1AEDC219-C2A4-422E-8DD8-A9ABAE1B4F3B}.Release|Any CPU.Build.0 = Release|Any CPU
		{1AEDC219-C2A4-422E-8DD8-A9ABAE1B4F3B}.Release|Mixed Platforms.ActiveCfg = Release|Any CPU
		{1AEDC219-C2A4-422E-8DD8-A9ABAE1B4F3B}.Release|Mixed Platforms.Build.0 = Release|Any CPU
		{1AEDC219-C2A4-422E-8DD8-A9ABAE1B4F3B}.Release|x86.ActiveCfg = Release|Any CPU
		{3EF29139-06EC-4497-9EC6-A4C340E064EB}.Debug|Any CPU.ActiveCfg = Debug|Any CPU
		{3EF29139-06EC-4497-9EC6-A4C340E064EB}.Debug|Any CPU.Build.0 = Debug|Any CPU
		{3EF29139-06EC-4497-9EC6-A4C340E064EB}.Debug|Mixed Platforms.ActiveCfg = Debug|Any CPU
		{3EF29139-06EC-4497-9EC6-A4C340E064EB}.Debug|Mixed Platforms.Build.0 = Debug|Any CPU
		{3EF29139-06EC-4497-9EC6-A4C340E064EB}.Debug|x86.ActiveCfg = Debug|Any CPU
		{3EF29139-06EC-4497-9EC6-A4C340E064EB}.Release|Any CPU.ActiveCfg = Release|Any CPU
		{3EF29139-06EC-4497-9EC6-A4C340E064EB}.Release|Any CPU.Build.0 = Release|Any CPU
		{3EF29139-06EC-4497-9EC6-A4C340E064EB}.Release|Mixed Platforms.ActiveCfg = Release|Any CPU
		{3EF29139-06EC-4497-9EC6-A4C340E064EB}.Release|Mixed Platforms.Build.0 = Release|Any CPU
		{3EF29139-06EC-4497-9EC6-A4C340E064EB}.Release|x86.ActiveCfg = Release|Any CPU
		{4C993B73-D03A-4080-B31E-C04F23372997}.Debug|Any CPU.ActiveCfg = Debug|Any CPU
		{4C993B73-D03A-4080-B31E-C04F23372997}.Debug|Any CPU.Build.0 = Debug|Any CPU
		{4C993B73-D03A-4080-B31E-C04F23372997}.Debug|Mixed Platforms.ActiveCfg = Debug|Any CPU
		{4C993B73-D03A-4080-B31E-C04F23372997}.Debug|Mixed Platforms.Build.0 = Debug|Any CPU
		{4C993B73-D03A-4080-B31E-C04F23372997}.Debug|x86.ActiveCfg = Debug|Any CPU
		{4C993B73-D03A-4080-B31E-C04F23372997}.Release|Any CPU.ActiveCfg = Release|Any CPU
		{4C993B73-D03A-4080-B31E-C04F23372997}.Release|Any CPU.Build.0 = Release|Any CPU
		{4C993B73-D03A-4080-B31E-C04F23372997}.Release|Mixed Platforms.ActiveCfg = Release|Any CPU
		{4C993B73-D03A-4080-B31E-C04F23372997}.Release|Mixed Platforms.Build.0 = Release|Any CPU
		{4C993B73-D03A-4080-B31E-C04F23372997}.Release|x86.ActiveCfg = Release|Any CPU
		{9339BA0C-9735-4356-A309-0B0DFD58D0BF}.Debug|Any CPU.ActiveCfg = Debug|Any CPU
		{9339BA0C-9735-4356-A309-0B0DFD58D0BF}.Debug|Any CPU.Build.0 = Debug|Any CPU
		{9339BA0C-9735-4356-A309-0B0DFD58D0BF}.Debug|Mixed Platforms.ActiveCfg = Debug|Any CPU
		{9339BA0C-9735-4356-A309-0B0DFD58D0BF}.Debug|Mixed Platforms.Build.0 = Debug|Any CPU
		{9339BA0C-9735-4356-A309-0B0DFD58D0BF}.Debug|x86.ActiveCfg = Debug|Any CPU
		{9339BA0C-9735-4356-A309-0B0DFD58D0BF}.Release|Any CPU.ActiveCfg = Release|Any CPU
		{9339BA0C-9735-4356-A309-0B0DFD58D0BF}.Release|Any CPU.Build.0 = Release|Any CPU
		{9339BA0C-9735-4356-A309-0B0DFD58D0BF}.Release|Mixed Platforms.ActiveCfg = Release|Any CPU
		{9339BA0C-9735-4356-A309-0B0DFD58D0BF}.Release|Mixed Platforms.Build.0 = Release|Any CPU
		{9339BA0C-9735-4356-A309-0B0DFD58D0BF}.Release|x86.ActiveCfg = Release|Any CPU
		{328C148C-DBEE-41A4-B1C7-104CBB216556}.Debug|Any CPU.ActiveCfg = Debug|Any CPU
		{328C148C-DBEE-41A4-B1C7-104CBB216556}.Debug|Any CPU.Build.0 = Debug|Any CPU
		{328C148C-DBEE-41A4-B1C7-104CBB216556}.Debug|Mixed Platforms.ActiveCfg = Debug|Any CPU
		{328C148C-DBEE-41A4-B1C7-104CBB216556}.Debug|Mixed Platforms.Build.0 = Debug|Any CPU
		{328C148C-DBEE-41A4-B1C7-104CBB216556}.Debug|x86.ActiveCfg = Debug|Any CPU
		{328C148C-DBEE-41A4-B1C7-104CBB216556}.Release|Any CPU.ActiveCfg = Release|Any CPU
		{328C148C-DBEE-41A4-B1C7-104CBB216556}.Release|Any CPU.Build.0 = Release|Any CPU
		{328C148C-DBEE-41A4-B1C7-104CBB216556}.Release|Mixed Platforms.ActiveCfg = Release|Any CPU
		{328C148C-DBEE-41A4-B1C7-104CBB216556}.Release|Mixed Platforms.Build.0 = Release|Any CPU
		{328C148C-DBEE-41A4-B1C7-104CBB216556}.Release|x86.ActiveCfg = Release|Any CPU
		{C3FFC5EF-D6BB-4854-B875-C996960E4CE8}.Debug|Any CPU.ActiveCfg = Debug|Any CPU
		{C3FFC5EF-D6BB-4854-B875-C996960E4CE8}.Debug|Any CPU.Build.0 = Debug|Any CPU
		{C3FFC5EF-D6BB-4854-B875-C996960E4CE8}.Debug|Mixed Platforms.ActiveCfg = Debug|Any CPU
		{C3FFC5EF-D6BB-4854-B875-C996960E4CE8}.Debug|Mixed Platforms.Build.0 = Debug|Any CPU
		{C3FFC5EF-D6BB-4854-B875-C996960E4CE8}.Debug|x86.ActiveCfg = Debug|Any CPU
		{C3FFC5EF-D6BB-4854-B875-C996960E4CE8}.Release|Any CPU.ActiveCfg = Release|Any CPU
		{C3FFC5EF-D6BB-4854-B875-C996960E4CE8}.Release|Any CPU.Build.0 = Release|Any CPU
		{C3FFC5EF-D6BB-4854-B875-C996960E4CE8}.Release|Mixed Platforms.ActiveCfg = Release|Any CPU
		{C3FFC5EF-D6BB-4854-B875-C996960E4CE8}.Release|Mixed Platforms.Build.0 = Release|Any CPU
		{C3FFC5EF-D6BB-4854-B875-C996960E4CE8}.Release|x86.ActiveCfg = Release|Any CPU
		{D67101FE-E8F4-4739-97AB-8376BF389A6F}.Debug|Any CPU.ActiveCfg = Debug|x86
		{D67101FE-E8F4-4739-97AB-8376BF389A6F}.Debug|Mixed Platforms.ActiveCfg = Debug|x86
		{D67101FE-E8F4-4739-97AB-8376BF389A6F}.Debug|Mixed Platforms.Build.0 = Debug|x86
		{D67101FE-E8F4-4739-97AB-8376BF389A6F}.Debug|x86.ActiveCfg = Debug|x86
		{D67101FE-E8F4-4739-97AB-8376BF389A6F}.Debug|x86.Build.0 = Debug|x86
		{D67101FE-E8F4-4739-97AB-8376BF389A6F}.Release|Any CPU.ActiveCfg = Release|x86
		{D67101FE-E8F4-4739-97AB-8376BF389A6F}.Release|Mixed Platforms.ActiveCfg = Release|x86
		{D67101FE-E8F4-4739-97AB-8376BF389A6F}.Release|Mixed Platforms.Build.0 = Release|x86
		{D67101FE-E8F4-4739-97AB-8376BF389A6F}.Release|x86.ActiveCfg = Release|x86
		{D67101FE-E8F4-4739-97AB-8376BF389A6F}.Release|x86.Build.0 = Release|x86
		{16AB2BC1-2261-4F56-9639-1478791765BF}.Debug|Any CPU.ActiveCfg = Debug|Any CPU
		{16AB2BC1-2261-4F56-9639-1478791765BF}.Debug|Any CPU.Build.0 = Debug|Any CPU
		{16AB2BC1-2261-4F56-9639-1478791765BF}.Debug|Mixed Platforms.ActiveCfg = Debug|Any CPU
		{16AB2BC1-2261-4F56-9639-1478791765BF}.Debug|Mixed Platforms.Build.0 = Debug|Any CPU
		{16AB2BC1-2261-4F56-9639-1478791765BF}.Debug|x86.ActiveCfg = Debug|Any CPU
		{16AB2BC1-2261-4F56-9639-1478791765BF}.Release|Any CPU.ActiveCfg = Release|Any CPU
		{16AB2BC1-2261-4F56-9639-1478791765BF}.Release|Any CPU.Build.0 = Release|Any CPU
		{16AB2BC1-2261-4F56-9639-1478791765BF}.Release|Mixed Platforms.ActiveCfg = Release|Any CPU
		{16AB2BC1-2261-4F56-9639-1478791765BF}.Release|Mixed Platforms.Build.0 = Release|Any CPU
		{16AB2BC1-2261-4F56-9639-1478791765BF}.Release|x86.ActiveCfg = Release|Any CPU
		{21DD95B4-BD9D-4A79-BD22-09DA8BB34E3E}.Debug|Any CPU.ActiveCfg = Debug|Any CPU
		{21DD95B4-BD9D-4A79-BD22-09DA8BB34E3E}.Debug|Any CPU.Build.0 = Debug|Any CPU
		{21DD95B4-BD9D-4A79-BD22-09DA8BB34E3E}.Debug|Mixed Platforms.ActiveCfg = Debug|Any CPU
		{21DD95B4-BD9D-4A79-BD22-09DA8BB34E3E}.Debug|Mixed Platforms.Build.0 = Debug|Any CPU
		{21DD95B4-BD9D-4A79-BD22-09DA8BB34E3E}.Debug|x86.ActiveCfg = Debug|Any CPU
		{21DD95B4-BD9D-4A79-BD22-09DA8BB34E3E}.Release|Any CPU.ActiveCfg = Release|Any CPU
		{21DD95B4-BD9D-4A79-BD22-09DA8BB34E3E}.Release|Any CPU.Build.0 = Release|Any CPU
		{21DD95B4-BD9D-4A79-BD22-09DA8BB34E3E}.Release|Mixed Platforms.ActiveCfg = Release|Any CPU
		{21DD95B4-BD9D-4A79-BD22-09DA8BB34E3E}.Release|Mixed Platforms.Build.0 = Release|Any CPU
		{21DD95B4-BD9D-4A79-BD22-09DA8BB34E3E}.Release|x86.ActiveCfg = Release|Any CPU
		{BA78507C-8726-4D36-B4D6-200DB5EF6101}.Debug|Any CPU.ActiveCfg = Debug|Any CPU
		{BA78507C-8726-4D36-B4D6-200DB5EF6101}.Debug|Any CPU.Build.0 = Debug|Any CPU
		{BA78507C-8726-4D36-B4D6-200DB5EF6101}.Debug|Mixed Platforms.ActiveCfg = Debug|Any CPU
		{BA78507C-8726-4D36-B4D6-200DB5EF6101}.Debug|Mixed Platforms.Build.0 = Debug|Any CPU
		{BA78507C-8726-4D36-B4D6-200DB5EF6101}.Debug|x86.ActiveCfg = Debug|Any CPU
		{BA78507C-8726-4D36-B4D6-200DB5EF6101}.Release|Any CPU.ActiveCfg = Release|Any CPU
		{BA78507C-8726-4D36-B4D6-200DB5EF6101}.Release|Any CPU.Build.0 = Release|Any CPU
		{BA78507C-8726-4D36-B4D6-200DB5EF6101}.Release|Mixed Platforms.ActiveCfg = Release|Any CPU
		{BA78507C-8726-4D36-B4D6-200DB5EF6101}.Release|Mixed Platforms.Build.0 = Release|Any CPU
		{BA78507C-8726-4D36-B4D6-200DB5EF6101}.Release|x86.ActiveCfg = Release|Any CPU
		{C88C62B6-6BD9-4480-9D37-BB5086C9855C}.Debug|Any CPU.ActiveCfg = Debug|Any CPU
		{C88C62B6-6BD9-4480-9D37-BB5086C9855C}.Debug|Any CPU.Build.0 = Debug|Any CPU
		{C88C62B6-6BD9-4480-9D37-BB5086C9855C}.Debug|Mixed Platforms.ActiveCfg = Debug|Any CPU
		{C88C62B6-6BD9-4480-9D37-BB5086C9855C}.Debug|Mixed Platforms.Build.0 = Debug|Any CPU
		{C88C62B6-6BD9-4480-9D37-BB5086C9855C}.Debug|x86.ActiveCfg = Debug|Any CPU
		{C88C62B6-6BD9-4480-9D37-BB5086C9855C}.Release|Any CPU.ActiveCfg = Release|Any CPU
		{C88C62B6-6BD9-4480-9D37-BB5086C9855C}.Release|Any CPU.Build.0 = Release|Any CPU
		{C88C62B6-6BD9-4480-9D37-BB5086C9855C}.Release|Mixed Platforms.ActiveCfg = Release|Any CPU
		{C88C62B6-6BD9-4480-9D37-BB5086C9855C}.Release|Mixed Platforms.Build.0 = Release|Any CPU
		{C88C62B6-6BD9-4480-9D37-BB5086C9855C}.Release|x86.ActiveCfg = Release|Any CPU
		{C8BB6E17-6623-4B9C-A7FC-F0674BBC0DBA}.Debug|Any CPU.ActiveCfg = Debug|Any CPU
		{C8BB6E17-6623-4B9C-A7FC-F0674BBC0DBA}.Debug|Any CPU.Build.0 = Debug|Any CPU
		{C8BB6E17-6623-4B9C-A7FC-F0674BBC0DBA}.Debug|Mixed Platforms.ActiveCfg = Debug|Any CPU
		{C8BB6E17-6623-4B9C-A7FC-F0674BBC0DBA}.Debug|Mixed Platforms.Build.0 = Debug|Any CPU
		{C8BB6E17-6623-4B9C-A7FC-F0674BBC0DBA}.Debug|x86.ActiveCfg = Debug|Any CPU
		{C8BB6E17-6623-4B9C-A7FC-F0674BBC0DBA}.Release|Any CPU.ActiveCfg = Release|Any CPU
		{C8BB6E17-6623-4B9C-A7FC-F0674BBC0DBA}.Release|Any CPU.Build.0 = Release|Any CPU
		{C8BB6E17-6623-4B9C-A7FC-F0674BBC0DBA}.Release|Mixed Platforms.ActiveCfg = Release|Any CPU
		{C8BB6E17-6623-4B9C-A7FC-F0674BBC0DBA}.Release|Mixed Platforms.Build.0 = Release|Any CPU
		{C8BB6E17-6623-4B9C-A7FC-F0674BBC0DBA}.Release|x86.ActiveCfg = Release|Any CPU
		{686D136F-421F-4D29-9D59-D1A3547D03B8}.Debug|Any CPU.ActiveCfg = Debug|Any CPU
		{686D136F-421F-4D29-9D59-D1A3547D03B8}.Debug|Any CPU.Build.0 = Debug|Any CPU
		{686D136F-421F-4D29-9D59-D1A3547D03B8}.Debug|Mixed Platforms.ActiveCfg = Debug|Any CPU
		{686D136F-421F-4D29-9D59-D1A3547D03B8}.Debug|Mixed Platforms.Build.0 = Debug|Any CPU
		{686D136F-421F-4D29-9D59-D1A3547D03B8}.Debug|x86.ActiveCfg = Debug|Any CPU
		{686D136F-421F-4D29-9D59-D1A3547D03B8}.Release|Any CPU.ActiveCfg = Release|Any CPU
		{686D136F-421F-4D29-9D59-D1A3547D03B8}.Release|Any CPU.Build.0 = Release|Any CPU
		{686D136F-421F-4D29-9D59-D1A3547D03B8}.Release|Mixed Platforms.ActiveCfg = Release|Any CPU
		{686D136F-421F-4D29-9D59-D1A3547D03B8}.Release|Mixed Platforms.Build.0 = Release|Any CPU
		{686D136F-421F-4D29-9D59-D1A3547D03B8}.Release|x86.ActiveCfg = Release|Any CPU
	EndGlobalSection
	GlobalSection(SolutionProperties) = preSolution
		HideSolutionNode = FALSE
	EndGlobalSection
	GlobalSection(NestedProjects) = preSolution
		{B0DF396D-7702-41B8-8744-CA87DC5F8244} = {E3FDECFC-11CD-4F30-B057-91891F52495C}
		{523F20A6-3136-4034-B1DD-003F86BDB47A} = {E3FDECFC-11CD-4F30-B057-91891F52495C}
		{AE246622-198C-46CC-8C2D-41E5A64E7508} = {E3FDECFC-11CD-4F30-B057-91891F52495C}
		{3EF29139-06EC-4497-9EC6-A4C340E064EB} = {E3FDECFC-11CD-4F30-B057-91891F52495C}
		{21F99168-7D7B-49F2-A97C-5A983E0CA16F} = {E3FDECFC-11CD-4F30-B057-91891F52495C}
		{DA5BF75E-ACF4-4451-A5D0-722795C42719} = {B2C42924-F335-4ADB-82AB-5362C47C4B78}
		{A1DDF7DA-D1FB-4B52-A7B3-D2A2099482CE} = {B2C42924-F335-4ADB-82AB-5362C47C4B78}
		{328C148C-DBEE-41A4-B1C7-104CBB216556} = {B2C42924-F335-4ADB-82AB-5362C47C4B78}
		{706D27E5-BA18-4A61-8C00-5A5B95FC3EA3} = {93D084F9-37AE-47AE-BB06-9E211BD40205}
		{D31818A1-D8F8-4DA4-85D2-C2763A729134} = {93D084F9-37AE-47AE-BB06-9E211BD40205}
		{4C993B73-D03A-4080-B31E-C04F23372997} = {AE246622-198C-46CC-8C2D-41E5A64E7508}
		{9339BA0C-9735-4356-A309-0B0DFD58D0BF} = {AE246622-198C-46CC-8C2D-41E5A64E7508}
		{1AEDC219-C2A4-422E-8DD8-A9ABAE1B4F3B} = {AE246622-198C-46CC-8C2D-41E5A64E7508}
		{D67101FE-E8F4-4739-97AB-8376BF389A6F} = {D31818A1-D8F8-4DA4-85D2-C2763A729134}
		{16AB2BC1-2261-4F56-9639-1478791765BF} = {D31818A1-D8F8-4DA4-85D2-C2763A729134}
		{C3FFC5EF-D6BB-4854-B875-C996960E4CE8} = {D31818A1-D8F8-4DA4-85D2-C2763A729134}
		{21DD95B4-BD9D-4A79-BD22-09DA8BB34E3E} = {D31818A1-D8F8-4DA4-85D2-C2763A729134}
		{BA78507C-8726-4D36-B4D6-200DB5EF6101} = {D31818A1-D8F8-4DA4-85D2-C2763A729134}
		{C88C62B6-6BD9-4480-9D37-BB5086C9855C} = {D31818A1-D8F8-4DA4-85D2-C2763A729134}
		{C8BB6E17-6623-4B9C-A7FC-F0674BBC0DBA} = {D31818A1-D8F8-4DA4-85D2-C2763A729134}
		{686D136F-421F-4D29-9D59-D1A3547D03B8} = {D31818A1-D8F8-4DA4-85D2-C2763A729134}
	EndGlobalSection
EndGlobal
